{
  "object": {
    "pins": [
      {
        "package": "SwiftProtobuf",
        "repositoryURL": "https://github.com/apple/swift-protobuf.git",
        "state": {
          "branch": null,
          "revision": "102a647b573f60f73afdce5613a51d71349fe507",
          "version": "1.30.0"
        }
      }
    ]
  },
  "version": 1
}
